
Microsoft Visual Studio Solution File, Format Version 11.00
# Visual Studio 2010
Project("{FAE04EC0-301F-11D3-BF4B-00C04F79EFBC}") = "HelloIndigo", "HelloIndigo\HelloIndigo.csproj", "{25293EB3-5751-400B-9C25-8B26FD78D1DE}"
EndProject
Project("{FAE04EC0-301F-11D3-BF4B-00C04F79EFBC}") = "Host", "Host\Host.csproj", "{71A1698F-1B42-4373-9D6E-CE13CBFC75FD}"
EndProject
Project("{FAE04EC0-301F-11D3-BF4B-00C04F79EFBC}") = "Client", "Client\Client.csproj", "{ECE3E7EE-092A-46CD-9975-C6EF5185A201}"
EndProject
Global
	GlobalSection(SolutionConfigurationPlatforms) = preSolution
		Debug|Any CPU = Debug|Any CPU
		Debug|Mixed Platforms = Debug|Mixed Platforms
		Debug|x86 = Debug|x86
		Release|Any CPU = Release|Any CPU
		Release|Mixed Platforms = Release|Mixed Platforms
		Release|x86 = Release|x86
	EndGlobalSection
	GlobalSection(ProjectConfigurationPlatforms) = postSolution
		{25293EB3-5751-400B-9C25-8B26FD78D1DE}.Debug|Any CPU.ActiveCfg = Debug|Any CPU
		{25293EB3-5751-400B-9C25-8B26FD78D1DE}.Debug|Any CPU.Build.0 = Debug|Any CPU
		{25293EB3-5751-400B-9C25-8B26FD78D1DE}.Debug|Mixed Platforms.ActiveCfg = Debug|Any CPU
		{25293EB3-5751-400B-9C25-8B26FD78D1DE}.Debug|Mixed Platforms.Build.0 = Debug|Any CPU
		{25293EB3-5751-400B-9C25-8B26FD78D1DE}.Debug|x86.ActiveCfg = Debug|Any CPU
		{25293EB3-5751-400B-9C25-8B26FD78D1DE}.Release|Any CPU.ActiveCfg = Release|Any CPU
		{25293EB3-5751-400B-9C25-8B26FD78D1DE}.Release|Any CPU.Build.0 = Release|Any CPU
		{25293EB3-5751-400B-9C25-8B26FD78D1DE}.Release|Mixed Platforms.ActiveCfg = Release|Any CPU
		{25293EB3-5751-400B-9C25-8B26FD78D1DE}.Release|Mixed Platforms.Build.0 = Release|Any CPU
		{25293EB3-5751-400B-9C25-8B26FD78D1DE}.Release|x86.ActiveCfg = Release|Any CPU
		{71A1698F-1B42-4373-9D6E-CE13CBFC75FD}.Debug|Any CPU.ActiveCfg = Debug|x86
		{71A1698F-1B42-4373-9D6E-CE13CBFC75FD}.Debug|Mixed Platforms.ActiveCfg = Debug|x86
		{71A1698F-1B42-4373-9D6E-CE13CBFC75FD}.Debug|Mixed Platforms.Build.0 = Debug|x86
		{71A1698F-1B42-4373-9D6E-CE13CBFC75FD}.Debug|x86.ActiveCfg = Debug|x86
		{71A1698F-1B42-4373-9D6E-CE13CBFC75FD}.Debug|x86.Build.0 = Debug|x86
		{71A1698F-1B42-4373-9D6E-CE13CBFC75FD}.Release|Any CPU.ActiveCfg = Release|x86
		{71A1698F-1B42-4373-9D6E-CE13CBFC75FD}.Release|Mixed Platforms.ActiveCfg = Release|x86
		{71A1698F-1B42-4373-9D6E-CE13CBFC75FD}.Release|Mixed Platforms.Build.0 = Release|x86
		{71A1698F-1B42-4373-9D6E-CE13CBFC75FD}.Release|x86.ActiveCfg = Release|x86
		{71A1698F-1B42-4373-9D6E-CE13CBFC75FD}.Release|x86.Build.0 = Release|x86
		{ECE3E7EE-092A-46CD-9975-C6EF5185A201}.Debug|Any CPU.ActiveCfg = Debug|x86
		{ECE3E7EE-092A-46CD-9975-C6EF5185A201}.Debug|Mixed Platforms.ActiveCfg = Debug|x86
		{ECE3E7EE-092A-46CD-9975-C6EF5185A201}.Debug|Mixed Platforms.Build.0 = Debug|x86
		{ECE3E7EE-092A-46CD-9975-C6EF5185A201}.Debug|x86.ActiveCfg = Debug|x86
		{ECE3E7EE-092A-46CD-9975-C6EF5185A201}.Debug|x86.Build.0 = Debug|x86
		{ECE3E7EE-092A-46CD-9975-C6EF5185A201}.Release|Any CPU.ActiveCfg = Release|x86
		{ECE3E7EE-092A-46CD-9975-C6EF5185A201}.Release|Mixed Platforms.ActiveCfg = Release|x86
		{ECE3E7EE-092A-46CD-9975-C6EF5185A201}.Release|Mixed Platforms.Build.0 = Release|x86
		{ECE3E7EE-092A-46CD-9975-C6EF5185A201}.Release|x86.ActiveCfg = Release|x86
		{ECE3E7EE-092A-46CD-9975-C6EF5185A201}.Release|x86.Build.0 = Release|x86
	EndGlobalSection
	GlobalSection(SolutionProperties) = preSolution
		HideSolutionNode = FALSE
	EndGlobalSection
EndGlobal
